
Microsoft Visual Studio Solution File, Format Version 12.00
# Visual Studio Version 16
VisualStudioVersion = 16.0.30907.101
MinimumVisualStudioVersion = 10.0.40219.1
Project("{FAE04EC0-301F-11D3-BF4B-00C04F79EFBC}") = "FiddlerHeadConvertor", "FiddlerHeadConvertor\FiddlerHeadConvertor.csproj", "{56638692-3709-4922-A5EB-7C64DBE883D4}"
EndProject
Global
	GlobalSection(SolutionConfigurationPlatforms) = preSolution
		Debug|Any CPU = Debug|Any CPU
		Release|Any CPU = Release|Any CPU
	EndGlobalSection
	GlobalSection(ProjectConfigurationPlatforms) = postSolution
		{56638692-3709-4922-A5EB-7C64DBE883D4}.Debug|Any CPU.ActiveCfg = Debug|Any CPU
		{56638692-3709-4922-A5EB-7C64DBE883D4}.Debug|Any CPU.Build.0 = Debug|Any CPU
		{56638692-3709-4922-A5EB-7C64DBE883D4}.Release|Any CPU.ActiveCfg = Release|Any CPU
		{56638692-3709-4922-A5EB-7C64DBE883D4}.Release|Any CPU.Build.0 = Release|Any CPU
	EndGlobalSection
	GlobalSection(SolutionProperties) = preSolution
		HideSolutionNode = FALSE
	EndGlobalSection
	GlobalSection(ExtensibilityGlobals) = postSolution
		SolutionGuid = {005D57FA-6B61-44C8-8706-3159A2595717}
	EndGlobalSection
EndGlobal
